{
  "name": "ilp-protocol-spsp",
  "version": "2.2.0",
  "lockfileVersion": 1,
  "requires": true,
  "dependencies": {
    "@types/debug": {
      "version": "0.0.31",
      "resolved": "https://registry.npmjs.org/@types/debug/-/debug-0.0.31.tgz",
      "integrity": "sha512-LS1MCPaQKqspg7FvexuhmDbWUhE2yIJ+4AgVIyObfc06/UKZ8REgxGNjZc82wPLWmbeOm7S+gSsLgo75TanG4A=="
    },
    "@types/events": {
      "version": "1.2.0",
      "resolved": "http://registry.npmjs.org/@types/events/-/events-1.2.0.tgz",
      "integrity": "sha512-KEIlhXnIutzKwRbQkGWb/I4HFqBuUykAdHgDED6xqwXJfONCjF5VoE0cXEiurh3XauygxzeDzgtXUqvLkxFzzA=="
    },
    "@types/node": {
      "version": "9.6.22",
      "resolved": "https://registry.npmjs.org/@types/node/-/node-9.6.22.tgz",
      "integrity": "sha512-RIg9EkxzVMkNH0M4sLRngK23f5QiigJC0iODQmu4nopzstt8AjegYund3r82iMrd2BNCjcZVnklaItvKHaGfBA=="
    },
    "@types/ws": {
      "version": "6.0.1",
      "resolved": "https://registry.npmjs.org/@types/ws/-/ws-6.0.1.tgz",
      "integrity": "sha512-EzH8k1gyZ4xih/MaZTXwT2xOkPiIMSrhQ9b8wrlX88L0T02eYsddatQlwVFlEPyEqV0ChpdpNnE51QPH6NVT4Q==",
      "requires": {
        "@types/events": "*",
        "@types/node": "*"
      }
    },
    "async-limiter": {
      "version": "1.0.0",
      "resolved": "https://registry.npmjs.org/async-limiter/-/async-limiter-1.0.0.tgz",
      "integrity": "sha512-jp/uFnooOiO+L211eZOoSyzpOITMXx1rBITauYykG3BRYPu8h0UcxsPNB04RR5vo4Tyz3+ay17tR6JVf9qzYWg=="
    },
    "bignumber.js": {
      "version": "6.0.0",
      "resolved": "https://registry.npmjs.org/bignumber.js/-/bignumber.js-6.0.0.tgz",
      "integrity": "sha512-x247jIuy60/+FtMRvscqfxtVHQf8AGx2hm9c6btkgC0x/hp9yt+teISNhvF8WlwRkCc5yF2fDECH8SIMe8j+GA=="
    },
    "btp-packet": {
      "version": "2.2.0",
      "resolved": "https://registry.npmjs.org/btp-packet/-/btp-packet-2.2.0.tgz",
      "integrity": "sha512-OjmYBdr0AJpeoLZcm8IiOBNvGNtIfqM46JDZVztUosRJGFRtkWlir1BmYtopsRGK9z3fIT9s0NKlqhhAL+vQ1A==",
      "requires": {
        "dateformat": "^3.0.3",
        "oer-utils": "^4.0.0"
      },
      "dependencies": {
        "bignumber.js": {
          "version": "7.2.1",
          "resolved": "https://registry.npmjs.org/bignumber.js/-/bignumber.js-7.2.1.tgz",
          "integrity": "sha512-S4XzBk5sMB+Rcb/LNcpzXr57VRTxgAvaAEDAl1AwRx27j00hT84O6OkteE7u8UB3NuaaygCRrEpqox4uDOrbdQ=="
        },
        "oer-utils": {
          "version": "4.0.0",
          "resolved": "https://registry.npmjs.org/oer-utils/-/oer-utils-4.0.0.tgz",
          "integrity": "sha512-WxX0gNGSS0Lzig4IdliHlIQ03PVTpIuLFbOAag5lJrx1hWNG3f/yhx3QOmORpoXe2e53HZbeet8qoOAsiWz5BQ==",
          "requires": {
            "bignumber.js": "^7.2.1"
          }
        }
      }
    },
    "buffer-from": {
      "version": "1.1.0",
      "resolved": "https://registry.npmjs.org/buffer-from/-/buffer-from-1.1.0.tgz",
      "integrity": "sha512-c5mRlguI/Pe2dSZmpER62rSCu0ryKmWddzRYsuXc50U2/g8jMOulc31VZMa4mYx31U5xsmSOpDCgH88Vl9cDGQ=="
    },
    "dateformat": {
      "version": "3.0.3",
      "resolved": "https://registry.npmjs.org/dateformat/-/dateformat-3.0.3.tgz",
      "integrity": "sha512-jyCETtSl3VMZMWeRo7iY1FL19ges1t55hMo5yaam4Jrsm5EPL89UQkoQRyiI+Yf4k8r2ZpdngkV8hr1lIdjb3Q=="
    },
    "debug": {
      "version": "3.1.0",
      "resolved": "https://registry.npmjs.org/debug/-/debug-3.1.0.tgz",
      "integrity": "sha512-OX8XqP7/1a9cqkxYw2yXss15f26NKWBpDXQd0/uK/KPqdQhxbPa994hnzjcE2VqQpDslf55723cKPUOGSmMY3g==",
      "requires": {
        "ms": "2.0.0"
      }
    },
    "encoding": {
      "version": "0.1.12",
      "resolved": "https://registry.npmjs.org/encoding/-/encoding-0.1.12.tgz",
      "integrity": "sha1-U4tm8+5izRq1HsMjgp0flIDHS+s=",
      "requires": {
        "iconv-lite": "~0.4.13"
      }
    },
    "eventemitter2": {
      "version": "5.0.1",
      "resolved": "https://registry.npmjs.org/eventemitter2/-/eventemitter2-5.0.1.tgz",
      "integrity": "sha1-YZegldX7a1folC9v1+qtY6CclFI="
    },
    "extensible-error": {
      "version": "1.0.2",
      "resolved": "https://registry.npmjs.org/extensible-error/-/extensible-error-1.0.2.tgz",
      "integrity": "sha512-kXU1FiTsGT8PyMKtFM074RK/VBpzwuQJicAHqBpsPDeTXBQiSALPjkjKXlyKdG/GP6lR7bBaEkq8qdoO2geu9g=="
    },
    "has-flag": {
      "version": "3.0.0",
      "resolved": "https://registry.npmjs.org/has-flag/-/has-flag-3.0.0.tgz",
      "integrity": "sha1-tdRU3CGZriJWmfNGfloH87lVuv0="
    },
    "iconv-lite": {
      "version": "0.4.19",
      "resolved": "https://registry.npmjs.org/iconv-lite/-/iconv-lite-0.4.19.tgz",
      "integrity": "sha512-oTZqweIP51xaGPI4uPa56/Pri/480R+mo7SeU+YETByQNhDG55ycFyNLIgta9vXhILrxXDmF7ZGhqZIcuN0gJQ=="
    },
    "ilp-compat-plugin": {
      "version": "2.0.3",
      "resolved": "https://registry.npmjs.org/ilp-compat-plugin/-/ilp-compat-plugin-2.0.3.tgz",
      "integrity": "sha512-enMMJJ4T6Q0+GWbyov2Oe/14ikEgmy6feMWGOrXpUy1NtFLskDPGL+GKFG7kJNq5OlqHUz1SUqU224odOE65Cg==",
      "requires": {
        "debug": "^3.1.0",
        "ilp-packet": "^2.1.0",
        "oer-utils": "^1.3.4",
        "uuid": "^3.1.0"
      },
      "dependencies": {
        "oer-utils": {
          "version": "1.3.4",
          "resolved": "https://registry.npmjs.org/oer-utils/-/oer-utils-1.3.4.tgz",
          "integrity": "sha1-sqmtvJK8GRVaKgDwRWg9Hm1KyCM="
        }
      }
    },
    "ilp-logger": {
      "version": "1.1.3",
      "resolved": "https://registry.npmjs.org/ilp-logger/-/ilp-logger-1.1.3.tgz",
      "integrity": "sha512-zjCe82YGI1SMnwDf2GGKhGqx0V4UcpReZSiYuBy9KvyOW08Da4geOJfhNd+h9jczDIQ+mFxrbeKoBa/Zbs/5xw==",
      "requires": {
        "@types/debug": "^0.0.31",
        "debug": "^4.1.0",
        "supports-color": "^5.5.0"
      },
      "dependencies": {
        "debug": {
          "version": "4.1.0",
          "resolved": "https://registry.npmjs.org/debug/-/debug-4.1.0.tgz",
          "integrity": "sha512-heNPJUJIqC+xB6ayLAMHaIrmN9HKa7aQO8MGqKpvCA+uJYVcvR6l5kgdrhRuwPFHU7P5/A1w0BjByPHwpfTDKg==",
          "requires": {
            "ms": "^2.1.1"
          }
        },
        "ms": {
          "version": "2.1.1",
          "resolved": "https://registry.npmjs.org/ms/-/ms-2.1.1.tgz",
          "integrity": "sha512-tgp+dl5cGk28utYktBsrFqA7HKgrhgPsg6Z/EfhWI4gl1Hwq8B/GmY/0oXZ6nF8hDVesS/FpnYaD/kOWhYQvyg=="
        }
      }
    },
    "ilp-packet": {
      "version": "2.2.0",
      "resolved": "https://registry.npmjs.org/ilp-packet/-/ilp-packet-2.2.0.tgz",
      "integrity": "sha1-qHJcwmMxxuLGU1OKEGPVUBQwXjE=",
      "requires": {
        "bignumber.js": "^5.0.0",
        "extensible-error": "^1.0.2",
        "long": "^3.2.0",
        "oer-utils": "^1.3.2"
      },
      "dependencies": {
        "bignumber.js": {
          "version": "5.0.0",
          "resolved": "https://registry.npmjs.org/bignumber.js/-/bignumber.js-5.0.0.tgz",
          "integrity": "sha512-KWTu6ZMVk9sxlDJQh2YH1UOnfDP8O8TpxUxgQG/vKASoSnEjK9aVuOueFaPcQEYQ5fyNXNTOYwYw3099RYebWg=="
        },
        "oer-utils": {
          "version": "1.3.4",
          "resolved": "https://registry.npmjs.org/oer-utils/-/oer-utils-1.3.4.tgz",
          "integrity": "sha1-sqmtvJK8GRVaKgDwRWg9Hm1KyCM="
        }
      }
    },
    "ilp-plugin": {
      "version": "3.2.1",
      "resolved": "https://registry.npmjs.org/ilp-plugin/-/ilp-plugin-3.2.1.tgz",
      "integrity": "sha512-6ZvzbbNrI+Pc3arJnCWPRuV2hVJV4xMd9sp6V9hDhhght3DkWpkhbTA/1ggHtA4nr/9ZHp7b4LsfHw4fFgQBbQ==",
      "requires": {
        "ilp-logger": "^1.0.2",
        "ilp-plugin-btp": "^1.2.1"
      }
    },
    "ilp-plugin-btp": {
      "version": "1.3.7",
      "resolved": "https://registry.npmjs.org/ilp-plugin-btp/-/ilp-plugin-btp-1.3.7.tgz",
      "integrity": "sha512-w+Tu39Tk2f4FMDjRxa6c6Yc0qeK+BCNxUQBlsXsNjWeU0oPRvOUkHUeVkGnUa/qPW0I0ZKlUnqsuU0ed98BYyw==",
      "requires": {
        "@types/debug": "0.0.30",
        "@types/node": "^10.7.1",
        "@types/ws": "^6.0.0",
        "btp-packet": "^2.2.0",
        "debug": "^3.1.0",
        "eventemitter2": "^5.0.0",
        "ilp-logger": "^1.1.3",
        "ws": "^6.0.0"
      },
      "dependencies": {
        "@types/debug": {
          "version": "0.0.30",
          "resolved": "https://registry.npmjs.org/@types/debug/-/debug-0.0.30.tgz",
          "integrity": "sha512-orGL5LXERPYsLov6CWs3Fh6203+dXzJkR7OnddIr2514Hsecwc8xRpzCapshBbKFImCsvS/mk6+FWiN5LyZJAQ=="
        },
        "@types/node": {
          "version": "10.12.18",
          "resolved": "https://registry.npmjs.org/@types/node/-/node-10.12.18.tgz",
          "integrity": "sha512-fh+pAqt4xRzPfqA6eh3Z2y6fyZavRIumvjhaCL753+TVkGKGhpPeyrJG2JftD0T9q4GF00KjefsQ+PQNDdWQaQ=="
        }
      }
    },
    "ilp-protocol-ildcp": {
      "version": "1.0.0",
      "resolved": "https://registry.npmjs.org/ilp-protocol-ildcp/-/ilp-protocol-ildcp-1.0.0.tgz",
      "integrity": "sha512-rmmrnwUKyVYHwJyteYMF6R6dO6ap1j6c7uNDiCqNLPXQSuNQUwAdXd+7CfStED/mOcM/D86IEZrcNx35GtCt6Q==",
      "requires": {
        "ilp-packet": "^2.1.2",
        "oer-utils": "^1.3.4"
      },
      "dependencies": {
        "oer-utils": {
          "version": "1.3.4",
          "resolved": "https://registry.npmjs.org/oer-utils/-/oer-utils-1.3.4.tgz",
          "integrity": "sha1-sqmtvJK8GRVaKgDwRWg9Hm1KyCM="
        }
      }
    },
    "ilp-protocol-psk2": {
      "version": "0.5.0",
      "resolved": "https://registry.npmjs.org/ilp-protocol-psk2/-/ilp-protocol-psk2-0.5.0.tgz",
      "integrity": "sha512-VwxNI7ZpVLv7LKLrTnxVJxnq3WBgzX/TdJNc72RqoCU1jpo+hD0L1DKY4pGTr96bLfuZCAb7gi9ZySohwC1jeA==",
      "requires": {
        "bignumber.js": "^5.0.0",
        "debug": "^3.1.0",
        "ilp-compat-plugin": "^2.0.3",
        "ilp-packet": "^2.1.2",
        "ilp-protocol-ildcp": "^1.0.0",
        "long": "^3.2.0",
        "oer-utils": "^1.3.2"
      },
      "dependencies": {
        "bignumber.js": {
          "version": "5.0.0",
          "resolved": "https://registry.npmjs.org/bignumber.js/-/bignumber.js-5.0.0.tgz",
          "integrity": "sha512-KWTu6ZMVk9sxlDJQh2YH1UOnfDP8O8TpxUxgQG/vKASoSnEjK9aVuOueFaPcQEYQ5fyNXNTOYwYw3099RYebWg=="
        },
        "oer-utils": {
          "version": "1.3.4",
          "resolved": "https://registry.npmjs.org/oer-utils/-/oer-utils-1.3.4.tgz",
          "integrity": "sha1-sqmtvJK8GRVaKgDwRWg9Hm1KyCM="
        }
      }
    },
    "ilp-protocol-stream": {
      "version": "1.3.2",
      "resolved": "https://registry.npmjs.org/ilp-protocol-stream/-/ilp-protocol-stream-1.3.2.tgz",
      "integrity": "sha512-7RHwdKFJgi7ZgapK8poN5KW2zoYmLrEc0AZJUgK8+YqiU4Xlqvfgmf/w3Gp7mGh182+8NIFpvO+ZdEpcpU35Pg==",
      "requires": {
        "@types/node": "^9.6.17",
        "bignumber.js": "^6.0.0",
        "debug": "^3.1.0",
        "ilp-packet": "^2.2.0",
        "ilp-protocol-ildcp": "^1.0.0",
        "oer-utils": "^2.0.1",
        "source-map-support": "^0.5.6"
      }
    },
    "is-stream": {
      "version": "1.1.0",
      "resolved": "https://registry.npmjs.org/is-stream/-/is-stream-1.1.0.tgz",
      "integrity": "sha1-EtSj3U5o4Lec6428hBc66A2RykQ="
    },
    "lodash.camelcase": {
      "version": "4.3.0",
      "resolved": "https://registry.npmjs.org/lodash.camelcase/-/lodash.camelcase-4.3.0.tgz",
      "integrity": "sha1-soqmKIorn8ZRA1x3EfZathkDMaY="
    },
    "long": {
      "version": "3.2.0",
      "resolved": "https://registry.npmjs.org/long/-/long-3.2.0.tgz",
      "integrity": "sha1-2CG3E4yhy1gcFymQ7xTbIAtcR0s="
    },
    "ms": {
      "version": "2.0.0",
      "resolved": "https://registry.npmjs.org/ms/-/ms-2.0.0.tgz",
      "integrity": "sha1-VgiurfwAvmwpAd9fmGF4jeDVl8g="
    },
    "node-fetch": {
      "version": "1.7.3",
      "resolved": "https://registry.npmjs.org/node-fetch/-/node-fetch-1.7.3.tgz",
      "integrity": "sha512-NhZ4CsKx7cYm2vSrBAr2PvFOe6sWDf0UYLRqA6svUYg7+/TSfVAu49jYC4BvQ4Sms9SZgdqGBgroqfDhJdTyKQ==",
      "requires": {
        "encoding": "^0.1.11",
        "is-stream": "^1.0.1"
      }
    },
    "oer-utils": {
      "version": "2.0.1",
      "resolved": "https://registry.npmjs.org/oer-utils/-/oer-utils-2.0.1.tgz",
      "integrity": "sha512-9m3lctkkc/hofsfw76ZQrsIQmenQcC8MggqRP3aPdImYBObywZUCIEXcXAzekas5UpwMAdy7WT0/aHLoDo8PcQ==",
      "requires": {
        "bignumber.js": "^6.0.0"
      }
    },
    "source-map": {
      "version": "0.6.1",
      "resolved": "https://registry.npmjs.org/source-map/-/source-map-0.6.1.tgz",
      "integrity": "sha512-UjgapumWlbMhkBgzT7Ykc5YXUT46F0iKu8SGXq0bcwP5dz/h0Plj6enJqjz1Zbq2l5WaqYnrVbwWOWMyF3F47g=="
    },
    "source-map-support": {
      "version": "0.5.6",
      "resolved": "https://registry.npmjs.org/source-map-support/-/source-map-support-0.5.6.tgz",
      "integrity": "sha512-N4KXEz7jcKqPf2b2vZF11lQIz9W5ZMuUcIOGj243lduidkf2fjkVKJS9vNxVWn3u/uxX38AcE8U9nnH9FPcq+g==",
      "requires": {
        "buffer-from": "^1.0.0",
        "source-map": "^0.6.0"
      }
    },
    "supports-color": {
      "version": "5.5.0",
      "resolved": "https://registry.npmjs.org/supports-color/-/supports-color-5.5.0.tgz",
      "integrity": "sha512-QjVjwdXIt408MIiAqCX4oUKsgU2EqAGzs2Ppkm4aQYbjm+ZEWEcW4SfFNTr4uMNZma0ey4f5lgLrkB0aX0QMow==",
      "requires": {
        "has-flag": "^3.0.0"
      }
    },
    "uuid": {
      "version": "3.3.2",
      "resolved": "https://registry.npmjs.org/uuid/-/uuid-3.3.2.tgz",
      "integrity": "sha512-yXJmeNaw3DnnKAOKJE51sL/ZaYfWJRl1pK9dr19YFCu0ObS231AB1/LbqTKRAQ5kw8A90rA6fr4riOUpTZvQZA=="
    },
    "ws": {
      "version": "6.1.2",
      "resolved": "https://registry.npmjs.org/ws/-/ws-6.1.2.tgz",
      "integrity": "sha512-rfUqzvz0WxmSXtJpPMX2EeASXabOrSMk1ruMOV3JBTBjo4ac2lDjGGsbQSyxj8Odhw5fBib8ZKEjDNvgouNKYw==",
      "requires": {
        "async-limiter": "~1.0.0"
      }
    }
  }
}
