{
  "name": "ilp-protocol-spsp",
  "version": "2.0.0",
  "lockfileVersion": 1,
  "requires": true,
  "dependencies": {
    "@types/debug": {
      "version": "0.0.30",
      "resolved": "https://registry.npmjs.org/@types/debug/-/debug-0.0.30.tgz",
      "integrity": "sha512-orGL5LXERPYsLov6CWs3Fh6203+dXzJkR7OnddIr2514Hsecwc8xRpzCapshBbKFImCsvS/mk6+FWiN5LyZJAQ=="
    },
    "@types/long": {
      "version": "3.0.32",
      "resolved": "https://registry.npmjs.org/@types/long/-/long-3.0.32.tgz",
      "integrity": "sha512-ZXyOOm83p7X8p3s0IYM3VeueNmHpkk/yMlP8CLeOnEcu6hIwPH7YjZBvhQkR0ZFS2DqZAxKtJ/M5fcuv3OU5BA=="
    },
    "@types/node": {
      "version": "9.4.6",
      "resolved": "https://registry.npmjs.org/@types/node/-/node-9.4.6.tgz",
      "integrity": "sha512-CTUtLb6WqCCgp6P59QintjHWqzf4VL1uPA27bipLAPxFqrtK1gEYllePzTICGqQ8rYsCbpnsNypXjjDzGAAjEQ=="
    },
    "bignumber.js": {
      "version": "6.0.0",
      "resolved": "https://registry.npmjs.org/bignumber.js/-/bignumber.js-6.0.0.tgz",
      "integrity": "sha512-x247jIuy60/+FtMRvscqfxtVHQf8AGx2hm9c6btkgC0x/hp9yt+teISNhvF8WlwRkCc5yF2fDECH8SIMe8j+GA=="
    },
    "debug": {
      "version": "3.1.0",
      "resolved": "https://registry.npmjs.org/debug/-/debug-3.1.0.tgz",
      "integrity": "sha512-OX8XqP7/1a9cqkxYw2yXss15f26NKWBpDXQd0/uK/KPqdQhxbPa994hnzjcE2VqQpDslf55723cKPUOGSmMY3g==",
      "requires": {
        "ms": "2.0.0"
      }
    },
    "encoding": {
      "version": "0.1.12",
      "resolved": "https://registry.npmjs.org/encoding/-/encoding-0.1.12.tgz",
      "integrity": "sha1-U4tm8+5izRq1HsMjgp0flIDHS+s=",
      "requires": {
        "iconv-lite": "0.4.19"
      }
    },
    "eventemitter3": {
      "version": "3.0.1",
      "resolved": "https://registry.npmjs.org/eventemitter3/-/eventemitter3-3.0.1.tgz",
      "integrity": "sha512-QOCPu979MMWX9XNlfRZoin+Wm+bK1SP7vv3NGUniYwuSJK/+cPA10blMaeRgzg31RvoSFk6FsCDVa4vNryBTGA=="
    },
    "iconv-lite": {
      "version": "0.4.19",
      "resolved": "https://registry.npmjs.org/iconv-lite/-/iconv-lite-0.4.19.tgz",
      "integrity": "sha512-oTZqweIP51xaGPI4uPa56/Pri/480R+mo7SeU+YETByQNhDG55ycFyNLIgta9vXhILrxXDmF7ZGhqZIcuN0gJQ=="
    },
    "ilp-compat-plugin": {
      "version": "2.0.3",
      "resolved": "https://registry.npmjs.org/ilp-compat-plugin/-/ilp-compat-plugin-2.0.3.tgz",
      "integrity": "sha512-enMMJJ4T6Q0+GWbyov2Oe/14ikEgmy6feMWGOrXpUy1NtFLskDPGL+GKFG7kJNq5OlqHUz1SUqU224odOE65Cg==",
      "requires": {
        "debug": "3.1.0",
        "ilp-packet": "2.1.2",
        "oer-utils": "1.3.4",
        "uuid": "3.2.1"
      }
    },
    "ilp-packet": {
      "version": "2.1.2",
      "resolved": "https://registry.npmjs.org/ilp-packet/-/ilp-packet-2.1.2.tgz",
      "integrity": "sha1-VcvyCWQq35RM6iYT1Wlk/SvswAY=",
      "requires": {
        "bignumber.js": "5.0.0",
        "long": "3.2.0",
        "oer-utils": "1.3.4"
      },
      "dependencies": {
        "bignumber.js": {
          "version": "5.0.0",
          "resolved": "https://registry.npmjs.org/bignumber.js/-/bignumber.js-5.0.0.tgz",
          "integrity": "sha512-KWTu6ZMVk9sxlDJQh2YH1UOnfDP8O8TpxUxgQG/vKASoSnEjK9aVuOueFaPcQEYQ5fyNXNTOYwYw3099RYebWg=="
        }
      }
    },
    "ilp-protocol-ildcp": {
      "version": "1.0.0",
      "resolved": "https://registry.npmjs.org/ilp-protocol-ildcp/-/ilp-protocol-ildcp-1.0.0.tgz",
      "integrity": "sha512-rmmrnwUKyVYHwJyteYMF6R6dO6ap1j6c7uNDiCqNLPXQSuNQUwAdXd+7CfStED/mOcM/D86IEZrcNx35GtCt6Q==",
      "requires": {
        "ilp-packet": "2.1.2",
        "oer-utils": "1.3.4"
      }
    },
    "ilp-protocol-paystream": {
      "version": "git+https://github.com/emschwartz/ilp-protocol-paystream.git#34d452f94f94a075c40078516efa5e70323338d1",
      "requires": {
        "@types/debug": "0.0.30",
        "@types/long": "3.0.32",
        "@types/node": "9.4.6",
        "bignumber.js": "6.0.0",
        "debug": "3.1.0",
        "eventemitter3": "3.0.1",
        "ilp-protocol-psk2": "0.3.1",
        "long": "4.0.0",
        "oer-utils": "1.3.4"
      },
      "dependencies": {
        "ilp-protocol-psk2": {
          "version": "0.3.1",
          "resolved": "https://registry.npmjs.org/ilp-protocol-psk2/-/ilp-protocol-psk2-0.3.1.tgz",
          "integrity": "sha512-CD72tcVhBU1alcFc/NQOIfcZw7sFsEtofvAVyI2cSw91m5yv+8Z1/mxeaua9soNExucEoiIur5Cg0ZWaJrmFWQ==",
          "requires": {
            "bignumber.js": "5.0.0",
            "debug": "3.1.0",
            "ilp-compat-plugin": "2.0.3",
            "ilp-packet": "2.1.2",
            "ilp-protocol-ildcp": "1.0.0",
            "long": "3.2.0",
            "oer-utils": "1.3.4"
          },
          "dependencies": {
            "bignumber.js": {
              "version": "5.0.0",
              "resolved": "https://registry.npmjs.org/bignumber.js/-/bignumber.js-5.0.0.tgz",
              "integrity": "sha512-KWTu6ZMVk9sxlDJQh2YH1UOnfDP8O8TpxUxgQG/vKASoSnEjK9aVuOueFaPcQEYQ5fyNXNTOYwYw3099RYebWg=="
            },
            "long": {
              "version": "3.2.0",
              "resolved": "https://registry.npmjs.org/long/-/long-3.2.0.tgz",
              "integrity": "sha1-2CG3E4yhy1gcFymQ7xTbIAtcR0s="
            }
          }
        },
        "long": {
          "version": "4.0.0",
          "resolved": "https://registry.npmjs.org/long/-/long-4.0.0.tgz",
          "integrity": "sha512-XsP+KhQif4bjX1kbuSiySJFNAehNxgLb6hPRGJ9QsUr8ajHkuXGdrHmFUTUUXhDwVX2R5bY4JNZEwbUiMhV+MA=="
        }
      }
    },
    "ilp-protocol-psk2": {
      "version": "0.2.0",
      "resolved": "https://registry.npmjs.org/ilp-protocol-psk2/-/ilp-protocol-psk2-0.2.0.tgz",
      "integrity": "sha512-ZpwG2ApbdlhkzPgy5FB3cJx3T3O3bPLZbcfMqDdO0BjO+OpIua2h7LdvVhQnLB4Qy+B0PQN5JOF8zTPNYZkkvg==",
      "requires": {
        "bignumber.js": "5.0.0",
        "debug": "3.1.0",
        "ilp-compat-plugin": "2.0.3",
        "ilp-packet": "2.1.2",
        "ilp-protocol-ildcp": "1.0.0",
        "long": "3.2.0",
        "oer-utils": "1.3.4"
      },
      "dependencies": {
        "bignumber.js": {
          "version": "5.0.0",
          "resolved": "https://registry.npmjs.org/bignumber.js/-/bignumber.js-5.0.0.tgz",
          "integrity": "sha512-KWTu6ZMVk9sxlDJQh2YH1UOnfDP8O8TpxUxgQG/vKASoSnEjK9aVuOueFaPcQEYQ5fyNXNTOYwYw3099RYebWg=="
        }
      }
    },
    "is-stream": {
      "version": "1.1.0",
      "resolved": "https://registry.npmjs.org/is-stream/-/is-stream-1.1.0.tgz",
      "integrity": "sha1-EtSj3U5o4Lec6428hBc66A2RykQ="
    },
    "lodash.camelcase": {
      "version": "4.3.0",
      "resolved": "https://registry.npmjs.org/lodash.camelcase/-/lodash.camelcase-4.3.0.tgz",
      "integrity": "sha1-soqmKIorn8ZRA1x3EfZathkDMaY="
    },
    "long": {
      "version": "3.2.0",
      "resolved": "https://registry.npmjs.org/long/-/long-3.2.0.tgz",
      "integrity": "sha1-2CG3E4yhy1gcFymQ7xTbIAtcR0s="
    },
    "ms": {
      "version": "2.0.0",
      "resolved": "https://registry.npmjs.org/ms/-/ms-2.0.0.tgz",
      "integrity": "sha1-VgiurfwAvmwpAd9fmGF4jeDVl8g="
    },
    "node-fetch": {
      "version": "1.7.3",
      "resolved": "https://registry.npmjs.org/node-fetch/-/node-fetch-1.7.3.tgz",
      "integrity": "sha512-NhZ4CsKx7cYm2vSrBAr2PvFOe6sWDf0UYLRqA6svUYg7+/TSfVAu49jYC4BvQ4Sms9SZgdqGBgroqfDhJdTyKQ==",
      "requires": {
        "encoding": "0.1.12",
        "is-stream": "1.1.0"
      }
    },
    "oer-utils": {
      "version": "1.3.4",
      "resolved": "https://registry.npmjs.org/oer-utils/-/oer-utils-1.3.4.tgz",
      "integrity": "sha1-sqmtvJK8GRVaKgDwRWg9Hm1KyCM="
    },
    "uuid": {
      "version": "3.2.1",
      "resolved": "https://registry.npmjs.org/uuid/-/uuid-3.2.1.tgz",
      "integrity": "sha512-jZnMwlb9Iku/O3smGWvZhauCf6cvvpKi4BKRiliS3cxnI+Gz9j5MEpTz2UFuXiKPJocb7gnsLHwiS05ige5BEA=="
    }
  }
}
